// !$*UTF8*$!
{
	archiveVersion = 1;
	classes = {
	};
	objectVersion = 77;
	objects = {

/* Begin PBXBuildFile section */
		38B067632EA6431500461943 /* LogoView.swift in Sources */ = {isa = PBXBuildFile; fileRef = 38B067612EA6430E00461943 /* LogoView.swift */; };
		38B067662EA7722F00461943 /* DuratinPicker.swift in Sources */ = {isa = PBXBuildFile; fileRef = 38B067642EA7722800461943 /* DuratinPicker.swift */; };
		38B0676D2EA78F2B00461943 /* ActivityCalendarView.swift in Sources */ = {isa = PBXBuildFile; fileRef = 38B0676C2EA78F2700461943 /* ActivityCalendarView.swift */; };
		38B0676F2EA7918900461943 /* ActivitySummaryView.swift in Sources */ = {isa = PBXBuildFile; fileRef = 38B0676E2EA7918100461943 /* ActivitySummaryView.swift */; };
		38B067712EA791DC00461943 /* LargeActionButtonView.swift in Sources */ = {isa = PBXBuildFile; fileRef = 38B067702EA791D800461943 /* LargeActionButtonView.swift */; };
		38B0678F2EA7F10400461943 /* ActivityViewModel.swift in Sources */ = {isa = PBXBuildFile; fileRef = 38B067892EA7F10400461943 /* ActivityViewModel.swift */; };
		38B0683A2EA91C4300461943 /* LogActionButton.swift in Sources */ = {isa = PBXBuildFile; fileRef = 38B068392EA91C3400461943 /* LogActionButton.swift */; };
/* End PBXBuildFile section */

/* Begin PBXFileReference section */
		38B066ED2EA0D5CB00461943 /* Learning Journey.app */ = {isa = PBXFileReference; explicitFileType = wrapper.application; includeInIndex = 0; path = "Learning Journey.app"; sourceTree = BUILT_PRODUCTS_DIR; };
		38B067612EA6430E00461943 /* LogoView.swift */ = {isa = PBXFileReference; lastKnownFileType = sourcecode.swift; path = LogoView.swift; sourceTree = "<group>"; };
		38B067642EA7722800461943 /* DuratinPicker.swift */ = {isa = PBXFileReference; lastKnownFileType = sourcecode.swift; path = DuratinPicker.swift; sourceTree = "<group>"; };
		38B0676C2EA78F2700461943 /* ActivityCalendarView.swift */ = {isa = PBXFileReference; lastKnownFileType = sourcecode.swift; path = ActivityCalendarView.swift; sourceTree = "<group>"; };
		38B0676E2EA7918100461943 /* ActivitySummaryView.swift */ = {isa = PBXFileReference; lastKnownFileType = sourcecode.swift; path = ActivitySummaryView.swift; sourceTree = "<group>"; };
		38B067702EA791D800461943 /* LargeActionButtonView.swift */ = {isa = PBXFileReference; lastKnownFileType = sourcecode.swift; path = LargeActionButtonView.swift; sourceTree = "<group>"; };
		38B067892EA7F10400461943 /* ActivityViewModel.swift */ = {isa = PBXFileReference; lastKnownFileType = sourcecode.swift; path = ActivityViewModel.swift; sourceTree = "<group>"; };
		38B068392EA91C3400461943 /* LogActionButton.swift */ = {isa = PBXFileReference; lastKnownFileType = sourcecode.swift; path = LogActionButton.swift; sourceTree = "<group>"; };
/* End PBXFileReference section */

/* Begin PBXFileSystemSynchronizedRootGroup section */
		38B067192EA6105E00461943 /* Learning Journey */ = {
			isa = PBXFileSystemSynchronizedRootGroup;
			path = "Learning Journey";
			sourceTree = "<group>";
		};
		38B068152EA8B72A00461943 /* Calendar */ = {
			isa = PBXFileSystemSynchronizedRootGroup;
			path = Calendar;
			sourceTree = "<group>";
		};
		38B0683C2EAA033100461943 /* Views */ = {
			isa = PBXFileSystemSynchronizedRootGroup;
			path = Views;
			sourceTree = "<group>";
		};
/* End PBXFileSystemSynchronizedRootGroup section */

/* Begin PBXFrameworksBuildPhase section */
		38B066EA2EA0D5CB00461943 /* Frameworks */ = {
			isa = PBXFrameworksBuildPhase;
			buildActionMask = 2147483647;
			files = (
			);
			runOnlyForDeploymentPostprocessing = 0;
		};
/* End PBXFrameworksBuildPhase section */

/* Begin PBXGroup section */
		38B066E42EA0D5CB00461943 = {
			isa = PBXGroup;
			children = (
				38B068142EA8B24200461943 /* ViewModels */,
				38B067202EA610F600461943 /* Components */,
				38B067192EA6105E00461943 /* Learning Journey */,
				38B0683C2EAA033100461943 /* Views */,
				38B066EE2EA0D5CB00461943 /* Products */,
			);
			sourceTree = "<group>";
		};
		38B066EE2EA0D5CB00461943 /* Products */ = {
			isa = PBXGroup;
			children = (
				38B066ED2EA0D5CB00461943 /* Learning Journey.app */,
			);
			name = Products;
			sourceTree = "<group>";
		};
		38B067202EA610F600461943 /* Components */ = {
			isa = PBXGroup;
			children = (
				38B068392EA91C3400461943 /* LogActionButton.swift */,
				38B067702EA791D800461943 /* LargeActionButtonView.swift */,
				38B0676E2EA7918100461943 /* ActivitySummaryView.swift */,
				38B0676C2EA78F2700461943 /* ActivityCalendarView.swift */,
				38B067612EA6430E00461943 /* LogoView.swift */,
				38B067642EA7722800461943 /* DuratinPicker.swift */,
				38B068152EA8B72A00461943 /* Calendar */,
			);
			path = Components;
			sourceTree = "<group>";
		};
		38B068142EA8B24200461943 /* ViewModels */ = {
			isa = PBXGroup;
			children = (
				38B067892EA7F10400461943 /* ActivityViewModel.swift */,
			);
			path = ViewModels;
			sourceTree = "<group>";
		};
/* End PBXGroup section */

/* Begin PBXNativeTarget section */
		38B066EC2EA0D5CB00461943 /* Learning Journey */ = {
			isa = PBXNativeTarget;
			buildConfigurationList = 38B066F82EA0D5CC00461943 /* Build configuration list for PBXNativeTarget "Learning Journey" */;
			buildPhases = (
				38B066E92EA0D5CB00461943 /* Sources */,
				38B066EA2EA0D5CB00461943 /* Frameworks */,
				38B066EB2EA0D5CB00461943 /* Resources */,
			);
			buildRules = (
			);
			dependencies = (
			);
			fileSystemSynchronizedGroups = (
				38B067192EA6105E00461943 /* Learning Journey */,
				38B068152EA8B72A00461943 /* Calendar */,
				38B0683C2EAA033100461943 /* Views */,
			);
			name = "Learning Journey";
			packageProductDependencies = (
			);
			productName = "Learning Journey";
			productReference = 38B066ED2EA0D5CB00461943 /* Learning Journey.app */;
			productType = "com.apple.product-type.application";
		};
/* End PBXNativeTarget section */

/* Begin PBXProject section */
		38B066E52EA0D5CB00461943 /* Project object */ = {
			isa = PBXProject;
			attributes = {
				BuildIndependentTargetsInParallel = 1;
				LastSwiftUpdateCheck = 2600;
				LastUpgradeCheck = 2600;
				TargetAttributes = {
					38B066EC2EA0D5CB00461943 = {
						CreatedOnToolsVersion = 26.0.1;
					};
				};
			};
			buildConfigurationList = 38B066E82EA0D5CB00461943 /* Build configuration list for PBXProject "Learning Journey" */;
			developmentRegion = en;
			hasScannedForEncodings = 0;
			knownRegions = (
				en,
				Base,
			);
			mainGroup = 38B066E42EA0D5CB00461943;
			minimizedProjectReferenceProxies = 1;
			preferredProjectObjectVersion = 77;
			productRefGroup = 38B066EE2EA0D5CB00461943 /* Products */;
			projectDirPath = "";
			projectRoot = "";
			targets = (
				38B066EC2EA0D5CB00461943 /* Learning Journey */,
			);
		};
/* End PBXProject section */

/* Begin PBXResourcesBuildPhase section */
		38B066EB2EA0D5CB00461943 /* Resources */ = {
			isa = PBXResourcesBuildPhase;
			buildActionMask = 2147483647;
			files = (
			);
			runOnlyForDeploymentPostprocessing = 0;
		};
/* End PBXResourcesBuildPhase section */

/* Begin PBXSourcesBuildPhase section */
		38B066E92EA0D5CB00461943 /* Sources */ = {
			isa = PBXSourcesBuildPhase;
			buildActionMask = 2147483647;
			files = (
				38B0676F2EA7918900461943 /* ActivitySummaryView.swift in Sources */,
				38B0683A2EA91C4300461943 /* LogActionButton.swift in Sources */,
				38B067712EA791DC00461943 /* LargeActionButtonView.swift in Sources */,
				38B067662EA7722F00461943 /* DuratinPicker.swift in Sources */,
				38B067632EA6431500461943 /* LogoView.swift in Sources */,
				38B0676D2EA78F2B00461943 /* ActivityCalendarView.swift in Sources */,
				38B0678F2EA7F10400461943 /* ActivityViewModel.swift in Sources */,
			);
			runOnlyForDeploymentPostprocessing = 0;
		};
/* End PBXSourcesBuildPhase section */

/* Begin XCBuildConfiguration section */
		38B066F62EA0D5CC00461943 /* Debug */ = {
			isa = XCBuildConfiguration;
			buildSettings = {
				ALWAYS_SEARCH_USER_PATHS = NO;
				ASSETCATALOG_COMPILER_GENERATE_SWIFT_ASSET_SYMBOL_EXTENSIONS = YES;
				CLANG_ANALYZER_NONNULL = YES;
				CLANG_ANALYZER_NUMBER_OBJECT_CONVERSION = YES_AGGRESSIVE;
				CLANG_CXX_LANGUAGE_STANDARD = "gnu++20";
				CLANG_ENABLE_MODULES = YES;
				CLANG_ENABLE_OBJC_ARC = YES;
				CLANG_ENABLE_OBJC_WEAK = YES;
				CLANG_WARN_BLOCK_CAPTURE_AUTORELEASING = YES;
				CLANG_WARN_BOOL_CONVERSION = YES;
				CLANG_WARN_COMMA = YES;
				CLANG_WARN_CONSTANT_CONVERSION = YES;
				CLANG_WARN_DEPRECATED_OBJC_IMPLEMENTATIONS = YES;
				CLANG_WARN_DIRECT_OBJC_ISA_USAGE = YES_ERROR;
				CLANG_WARN_DOCUMENTATION_COMMENTS = YES;
				CLANG_WARN_EMPTY_BODY = YES;
				CLANG_WARN_ENUM_CONVERSION = YES;
				CLANG_WARN_INFINITE_RECURSION = YES;
				CLANG_WARN_INT_CONVERSION = YES;
				CLANG_WARN_NON_LITERAL_NULL_CONVERSION = YES;
				CLANG_WARN_OBJC_IMPLICIT_RETAIN_SELF = YES;
				CLANG_WARN_OBJC_LITERAL_CONVERSION = YES;
				CLANG_WARN_OBJC_ROOT_CLASS = YES_ERROR;
				CLANG_WARN_QUOTED_INCLUDE_IN_FRAMEWORK_HEADER = YES;
				CLANG_WARN_RANGE_LOOP_ANALYSIS = YES;
				CLANG_WARN_STRICT_PROTOTYPES = YES;
				CLANG_WARN_SUSPICIOUS_MOVE = YES;
				CLANG_WARN_UNGUARDED_AVAILABILITY = YES_AGGRESSIVE;
				CLANG_WARN_UNREACHABLE_CODE = YES;
				CLANG_WARN__DUPLICATE_METHOD_MATCH = YES;
				COPY_PHASE_STRIP = NO;
				DEBUG_INFORMATION_FORMAT = dwarf;
				DEVELOPMENT_TEAM = 8H682GY4W5;
				ENABLE_STRICT_OBJC_MSGSEND = YES;
				ENABLE_TESTABILITY = YES;
				ENABLE_USER_SCRIPT_SANDBOXING = YES;
				GCC_C_LANGUAGE_STANDARD = gnu17;
				GCC_DYNAMIC_NO_PIC = NO;
				GCC_NO_COMMON_BLOCKS = YES;
				GCC_OPTIMIZATION_LEVEL = 0;
				GCC_PREPROCESSOR_DEFINITIONS = (
					"DEBUG=1",
					"$(inherited)",
				);
				GCC_WARN_64_TO_32_BIT_CONVERSION = YES;
				GCC_WARN_ABOUT_RETURN_TYPE = YES_ERROR;
				GCC_WARN_UNDECLARED_SELECTOR = YES;
				GCC_WARN_UNINITIALIZED_AUTOS = YES_AGGRESSIVE;
				GCC_WARN_UNUSED_FUNCTION = YES;
				GCC_WARN_UNUSED_VARIABLE = YES;
				IPHONEOS_DEPLOYMENT_TARGET = 26.0;
				LOCALIZATION_PREFERS_STRING_CATALOGS = YES;
				MTL_ENABLE_DEBUG_INFO = INCLUDE_SOURCE;
				MTL_FAST_MATH = YES;
				ONLY_ACTIVE_ARCH = YES;
				SDKROOT = iphoneos;
				SWIFT_ACTIVE_COMPILATION_CONDITIONS = "DEBUG $(inherited)";
				SWIFT_OPTIMIZATION_LEVEL = "-Onone";
			};
			name = Debug;
		};
		38B066F72EA0D5CC00461943 /* Release */ = {
			isa = XCBuildConfiguration;
			buildSettings = {
				ALWAYS_SEARCH_USER_PATHS = NO;
				ASSETCATALOG_COMPILER_GENERATE_SWIFT_ASSET_SYMBOL_EXTENSIONS = YES;
				CLANG_ANALYZER_NONNULL = YES;
				CLANG_ANALYZER_NUMBER_OBJECT_CONVERSION = YES_AGGRESSIVE;
				CLANG_CXX_LANGUAGE_STANDARD = "gnu++20";
				CLANG_ENABLE_MODULES = YES;
				CLANG_ENABLE_OBJC_ARC = YES;
				CLANG_ENABLE_OBJC_WEAK = YES;
				CLANG_WARN_BLOCK_CAPTURE_AUTORELEASING = YES;
				CLANG_WARN_BOOL_CONVERSION = YES;
				CLANG_WARN_COMMA = YES;
				CLANG_WARN_CONSTANT_CONVERSION = YES;
				CLANG_WARN_DEPRECATED_OBJC_IMPLEMENTATIONS = YES;
				CLANG_WARN_DIRECT_OBJC_ISA_USAGE = YES_ERROR;
				CLANG_WARN_DOCUMENTATION_COMMENTS = YES;
				CLANG_WARN_EMPTY_BODY = YES;
				CLANG_WARN_ENUM_CONVERSION = YES;
				CLANG_WARN_INFINITE_RECURSION = YES;
				CLANG_WARN_INT_CONVERSION = YES;
				CLANG_WARN_NON_LITERAL_NULL_CONVERSION = YES;
				CLANG_WARN_OBJC_IMPLICIT_RETAIN_SELF = YES;
				CLANG_WARN_OBJC_LITERAL_CONVERSION = YES;
				CLANG_WARN_OBJC_ROOT_CLASS = YES_ERROR;
				CLANG_WARN_QUOTED_INCLUDE_IN_FRAMEWORK_HEADER = YES;
				CLANG_WARN_RANGE_LOOP_ANALYSIS = YES;
				CLANG_WARN_STRICT_PROTOTYPES = YES;
				CLANG_WARN_SUSPICIOUS_MOVE = YES;
				CLANG_WARN_UNGUARDED_AVAILABILITY = YES_AGGRESSIVE;
				CLANG_WARN_UNREACHABLE_CODE = YES;
				CLANG_WARN__DUPLICATE_METHOD_MATCH = YES;
				COPY_PHASE_STRIP = NO;
				DEBUG_INFORMATION_FORMAT = "dwarf-with-dsym";
				DEVELOPMENT_TEAM = 8H682GY4W5;
				ENABLE_NS_ASSERTIONS = NO;
				ENABLE_STRICT_OBJC_MSGSEND = YES;
				ENABLE_USER_SCRIPT_SANDBOXING = YES;
				GCC_C_LANGUAGE_STANDARD = gnu17;
				GCC_NO_COMMON_BLOCKS = YES;
				GCC_WARN_64_TO_32_BIT_CONVERSION = YES;
				GCC_WARN_ABOUT_RETURN_TYPE = YES_ERROR;
				GCC_WARN_UNDECLARED_SELECTOR = YES;
				GCC_WARN_UNINITIALIZED_AUTOS = YES_AGGRESSIVE;
				GCC_WARN_UNUSED_FUNCTION = YES;
				GCC_WARN_UNUSED_VARIABLE = YES;
				IPHONEOS_DEPLOYMENT_TARGET = 26.0;
				LOCALIZATION_PREFERS_STRING_CATALOGS = YES;
				MTL_ENABLE_DEBUG_INFO = NO;
				MTL_FAST_MATH = YES;
				SDKROOT = iphoneos;
				SWIFT_COMPILATION_MODE = wholemodule;
				VALIDATE_PRODUCT = YES;
			};
			name = Release;
		};
		38B066F92EA0D5CC00461943 /* Debug */ = {
			isa = XCBuildConfiguration;
			buildSettings = {
				ASSETCATALOG_COMPILER_APPICON_NAME = AppIcon;
				ASSETCATALOG_COMPILER_GLOBAL_ACCENT_COLOR_NAME = AccentColor;
				CODE_SIGN_STYLE = Automatic;
				CURRENT_PROJECT_VERSION = 1;
				DEVELOPMENT_TEAM = 8H682GY4W5;
				ENABLE_PREVIEWS = YES;
				GENERATE_INFOPLIST_FILE = YES;
				INFOPLIST_KEY_UIApplicationSceneManifest_Generation = YES;
				INFOPLIST_KEY_UIApplicationSupportsIndirectInputEvents = YES;
				INFOPLIST_KEY_UILaunchScreen_Generation = YES;
				INFOPLIST_KEY_UISupportedInterfaceOrientations_iPad = "UIInterfaceOrientationPortrait UIInterfaceOrientationPortraitUpsideDown UIInterfaceOrientationLandscapeLeft UIInterfaceOrientationLandscapeRight";
				INFOPLIST_KEY_UISupportedInterfaceOrientations_iPhone = "UIInterfaceOrientationPortrait UIInterfaceOrientationLandscapeLeft UIInterfaceOrientationLandscapeRight";
				LD_RUNPATH_SEARCH_PATHS = (
					"$(inherited)",
					"@executable_path/Frameworks",
				);
				MARKETING_VERSION = 1.0;
				PRODUCT_BUNDLE_IDENTIFIER = "com.joud.ChallengeTwo.Learning-Journey";
				PRODUCT_NAME = "$(TARGET_NAME)";
				STRING_CATALOG_GENERATE_SYMBOLS = YES;
				SWIFT_APPROACHABLE_CONCURRENCY = YES;
				SWIFT_DEFAULT_ACTOR_ISOLATION = MainActor;
				SWIFT_EMIT_LOC_STRINGS = YES;
				SWIFT_UPCOMING_FEATURE_MEMBER_IMPORT_VISIBILITY = YES;
				SWIFT_VERSION = 5.0;
				TARGETED_DEVICE_FAMILY = "1,2";
			};
			name = Debug;
		};
		38B066FA2EA0D5CC00461943 /* Release */ = {
			isa = XCBuildConfiguration;
			buildSettings = {
				ASSETCATALOG_COMPILER_APPICON_NAME = AppIcon;
				ASSETCATALOG_COMPILER_GLOBAL_ACCENT_COLOR_NAME = AccentColor;
				CODE_SIGN_STYLE = Automatic;
				CURRENT_PROJECT_VERSION = 1;
				DEVELOPMENT_TEAM = 8H682GY4W5;
				ENABLE_PREVIEWS = YES;
				GENERATE_INFOPLIST_FILE = YES;
				INFOPLIST_KEY_UIApplicationSceneManifest_Generation = YES;
				INFOPLIST_KEY_UIApplicationSupportsIndirectInputEvents = YES;
				INFOPLIST_KEY_UILaunchScreen_Generation = YES;
				INFOPLIST_KEY_UISupportedInterfaceOrientations_iPad = "UIInterfaceOrientationPortrait UIInterfaceOrientationPortraitUpsideDown UIInterfaceOrientationLandscapeLeft UIInterfaceOrientationLandscapeRight";
				INFOPLIST_KEY_UISupportedInterfaceOrientations_iPhone = "UIInterfaceOrientationPortrait UIInterfaceOrientationLandscapeLeft UIInterfaceOrientationLandscapeRight";
				LD_RUNPATH_SEARCH_PATHS = (
					"$(inherited)",
					"@executable_path/Frameworks",
				);
				MARKETING_VERSION = 1.0;
				PRODUCT_BUNDLE_IDENTIFIER = "com.joud.ChallengeTwo.Learning-Journey";
				PRODUCT_NAME = "$(TARGET_NAME)";
				STRING_CATALOG_GENERATE_SYMBOLS = YES;
				SWIFT_APPROACHABLE_CONCURRENCY = YES;
				SWIFT_DEFAULT_ACTOR_ISOLATION = MainActor;
				SWIFT_EMIT_LOC_STRINGS = YES;
				SWIFT_UPCOMING_FEATURE_MEMBER_IMPORT_VISIBILITY = YES;
				SWIFT_VERSION = 5.0;
				TARGETED_DEVICE_FAMILY = "1,2";
			};
			name = Release;
		};
/* End XCBuildConfiguration section */

/* Begin XCConfigurationList section */
		38B066E82EA0D5CB00461943 /* Build configuration list for PBXProject "Learning Journey" */ = {
			isa = XCConfigurationList;
			buildConfigurations = (
				38B066F62EA0D5CC00461943 /* Debug */,
				38B066F72EA0D5CC00461943 /* Release */,
			);
			defaultConfigurationIsVisible = 0;
			defaultConfigurationName = Release;
		};
		38B066F82EA0D5CC00461943 /* Build configuration list for PBXNativeTarget "Learning Journey" */ = {
			isa = XCConfigurationList;
			buildConfigurations = (
				38B066F92EA0D5CC00461943 /* Debug */,
				38B066FA2EA0D5CC00461943 /* Release */,
			);
			defaultConfigurationIsVisible = 0;
			defaultConfigurationName = Release;
		};
/* End XCConfigurationList section */
	};
	rootObject = 38B066E52EA0D5CB00461943 /* Project object */;
}
